
Microsoft Visual Studio Solution File, Format Version 12.00
# Visual Studio 14
VisualStudioVersion = 14.0.25420.1
MinimumVisualStudioVersion = 10.0.40219.1
Project("{FAE04EC0-301F-11D3-BF4B-00C04F79EFBC}") = "Undergods", "Undergods\Undergods\Undergods.csproj", "{2D793616-E805-4285-ABD9-6B301F217735}"
EndProject
Project("{96E2B04D-8817-42C6-938A-82C39BA4D311}") = "UndergodsContent", "Undergods\UndergodsContent\UndergodsContent.contentproj", "{D08ADC8A-8A2E-437D-9D48-942B713ECB74}"
EndProject
Global
	GlobalSection(SolutionConfigurationPlatforms) = preSolution
		Debug|x86 = Debug|x86
		Release|x86 = Release|x86
	EndGlobalSection
	GlobalSection(ProjectConfigurationPlatforms) = postSolution
		{2D793616-E805-4285-ABD9-6B301F217735}.Debug|x86.ActiveCfg = Debug|x86
		{2D793616-E805-4285-ABD9-6B301F217735}.Debug|x86.Build.0 = Debug|x86
		{2D793616-E805-4285-ABD9-6B301F217735}.Release|x86.ActiveCfg = Release|x86
		{2D793616-E805-4285-ABD9-6B301F217735}.Release|x86.Build.0 = Release|x86
		{D08ADC8A-8A2E-437D-9D48-942B713ECB74}.Debug|x86.ActiveCfg = Debug|x86
		{D08ADC8A-8A2E-437D-9D48-942B713ECB74}.Release|x86.ActiveCfg = Release|x86
	EndGlobalSection
	GlobalSection(SolutionProperties) = preSolution
		HideSolutionNode = FALSE
	EndGlobalSection
EndGlobal
